
Microsoft Visual Studio Solution File, Format Version 12.00
# Visual Studio 15
Project("{FAE04EC0-301F-11D3-BF4B-00C04F79EFBC}") = "AmazonPrer", "AmazonPrer\AmazonPrer.csproj", "{6491DA5E-2D10-427C-8C92-613A0A6CB564}"
EndProject
Global
	GlobalSection(SolutionConfigurationPlatforms) = preSolution
		Debug|Any CPU = Debug|Any CPU
		Release|Any CPU = Release|Any CPU
	EndGlobalSection
	GlobalSection(ProjectConfigurationPlatforms) = postSolution
		{6491DA5E-2D10-427C-8C92-613A0A6CB564}.Debug|Any CPU.ActiveCfg = Debug|Any CPU
		{6491DA5E-2D10-427C-8C92-613A0A6CB564}.Debug|Any CPU.Build.0 = Debug|Any CPU
		{6491DA5E-2D10-427C-8C92-613A0A6CB564}.Release|Any CPU.ActiveCfg = Release|Any CPU
		{6491DA5E-2D10-427C-8C92-613A0A6CB564}.Release|Any CPU.Build.0 = Release|Any CPU
	EndGlobalSection
EndGlobal
